<Solution>
  <Project Path="Identity/Identity.csproj" Id="7b82f26c-f9b2-4cab-818e-c4b281b90449" />
  <Project Path="TechHub.Application/TechHub.Application.csproj" />
  <Project Path="TechHub.Domain/TechHub.Domain.csproj" />
  <Project Path="TechHub.Infrastructure/TechHub.Infrastructure.csproj" />
  <Project Path="TechHub.Web/TechHub.Web.csproj" />
</Solution>
